
Microsoft Visual Studio Solution File, Format Version 12.00
# Visual Studio Version 16
VisualStudioVersion = 16.0.30413.136
MinimumVisualStudioVersion = 10.0.40219.1
Project("{9A19103F-16F7-4668-BE54-9A1E7A4F7556}") = "Banda.AsyncThrottledFunctionExecutor", "Banda.AsyncThrottledFunctionExecutor\Banda.AsyncThrottledFunctionExecutor.csproj", "{2D965BB4-098C-42E6-B1AE-B6223C6996F2}"
EndProject
Project("{9A19103F-16F7-4668-BE54-9A1E7A4F7556}") = "Banda.AsyncThrottledFunctionExecutor.Tests", "Banda.AsyncThrottledFunctionExecutor.Tests\Banda.AsyncThrottledFunctionExecutor.Tests.csproj", "{72AFFCBD-FF94-4407-879B-5D0ADF21097F}"
EndProject
Global
	GlobalSection(SolutionConfigurationPlatforms) = preSolution
		Debug|Any CPU = Debug|Any CPU
		Release|Any CPU = Release|Any CPU
	EndGlobalSection
	GlobalSection(ProjectConfigurationPlatforms) = postSolution
		{2D965BB4-098C-42E6-B1AE-B6223C6996F2}.Debug|Any CPU.ActiveCfg = Debug|Any CPU
		{2D965BB4-098C-42E6-B1AE-B6223C6996F2}.Debug|Any CPU.Build.0 = Debug|Any CPU
		{2D965BB4-098C-42E6-B1AE-B6223C6996F2}.Release|Any CPU.ActiveCfg = Release|Any CPU
		{2D965BB4-098C-42E6-B1AE-B6223C6996F2}.Release|Any CPU.Build.0 = Release|Any CPU
		{72AFFCBD-FF94-4407-879B-5D0ADF21097F}.Debug|Any CPU.ActiveCfg = Debug|Any CPU
		{72AFFCBD-FF94-4407-879B-5D0ADF21097F}.Debug|Any CPU.Build.0 = Debug|Any CPU
		{72AFFCBD-FF94-4407-879B-5D0ADF21097F}.Release|Any CPU.ActiveCfg = Release|Any CPU
		{72AFFCBD-FF94-4407-879B-5D0ADF21097F}.Release|Any CPU.Build.0 = Release|Any CPU
	EndGlobalSection
	GlobalSection(SolutionProperties) = preSolution
		HideSolutionNode = FALSE
	EndGlobalSection
	GlobalSection(ExtensibilityGlobals) = postSolution
		SolutionGuid = {AFCCA1F2-E67B-4B95-9128-4BB14E3A384E}
	EndGlobalSection
EndGlobal
